
Microsoft Visual Studio Solution File, Format Version 12.00
# Visual Studio Version 17
VisualStudioVersion = 17.7.34009.444
MinimumVisualStudioVersion = 10.0.40219.1
Project("{FAE04EC0-301F-11D3-BF4B-00C04F79EFBC}") = "PractisePrograms", "PractisePrograms.csproj", "{AA44D835-27B8-4335-95E8-69AD4C1D060F}"
EndProject
Global
	GlobalSection(SolutionConfigurationPlatforms) = preSolution
		Debug|Any CPU = Debug|Any CPU
		Release|Any CPU = Release|Any CPU
	EndGlobalSection
	GlobalSection(ProjectConfigurationPlatforms) = postSolution
		{AA44D835-27B8-4335-95E8-69AD4C1D060F}.Debug|Any CPU.ActiveCfg = Debug|Any CPU
		{AA44D835-27B8-4335-95E8-69AD4C1D060F}.Debug|Any CPU.Build.0 = Debug|Any CPU
		{AA44D835-27B8-4335-95E8-69AD4C1D060F}.Release|Any CPU.ActiveCfg = Release|Any CPU
		{AA44D835-27B8-4335-95E8-69AD4C1D060F}.Release|Any CPU.Build.0 = Release|Any CPU
	EndGlobalSection
	GlobalSection(SolutionProperties) = preSolution
		HideSolutionNode = FALSE
	EndGlobalSection
	GlobalSection(ExtensibilityGlobals) = postSolution
		SolutionGuid = {F55D784F-8549-4240-AECF-1559685390F1}
	EndGlobalSection
EndGlobal
